
Microsoft Visual Studio Solution File, Format Version 12.00
# Visual Studio Version 16
VisualStudioVersion = 16.0.29519.87
MinimumVisualStudioVersion = 10.0.40219.1
Project("{F184B08F-C81C-45F6-A57F-5ABD9991F28F}") = "_01第一段JS代码", "_01第一段JS代码\_01第一段JS代码.vbproj", "{4F55280C-0C21-4119-BBE8-315FFF0093A6}"
EndProject
Project("{F184B08F-C81C-45F6-A57F-5ABD9991F28F}") = "_02DOM", "_02DOM\_02DOM.vbproj", "{1AC69183-5C50-463A-996F-A825C9F670E9}"
EndProject
Project("{F184B08F-C81C-45F6-A57F-5ABD9991F28F}") = "03DOM案例", "DOM案例\03DOM案例.vbproj", "{BA28FD7F-3455-4E04-AE40-032C851B550E}"
EndProject
Project("{FAE04EC0-301F-11D3-BF4B-00C04F79EFBC}") = "04JQuery", "04JQuery\04JQuery.csproj", "{630DCF95-2632-4D8F-A869-7AB95DBC922C}"
EndProject
Project("{FAE04EC0-301F-11D3-BF4B-00C04F79EFBC}") = "05jquery02", "05jquery02\05jquery02.csproj", "{2B3C2E64-7A06-4FB9-9DB4-AE357C8A4754}"
EndProject
Project("{FAE04EC0-301F-11D3-BF4B-00C04F79EFBC}") = "jquery03", "jquery03\jquery03.csproj", "{5B8BE1EB-F636-404A-BBA4-C48C327E2C40}"
EndProject
Global
	GlobalSection(SolutionConfigurationPlatforms) = preSolution
		Debug|Any CPU = Debug|Any CPU
		Release|Any CPU = Release|Any CPU
	EndGlobalSection
	GlobalSection(ProjectConfigurationPlatforms) = postSolution
		{4F55280C-0C21-4119-BBE8-315FFF0093A6}.Debug|Any CPU.ActiveCfg = Debug|Any CPU
		{4F55280C-0C21-4119-BBE8-315FFF0093A6}.Debug|Any CPU.Build.0 = Debug|Any CPU
		{4F55280C-0C21-4119-BBE8-315FFF0093A6}.Release|Any CPU.ActiveCfg = Release|Any CPU
		{4F55280C-0C21-4119-BBE8-315FFF0093A6}.Release|Any CPU.Build.0 = Release|Any CPU
		{1AC69183-5C50-463A-996F-A825C9F670E9}.Debug|Any CPU.ActiveCfg = Debug|Any CPU
		{1AC69183-5C50-463A-996F-A825C9F670E9}.Debug|Any CPU.Build.0 = Debug|Any CPU
		{1AC69183-5C50-463A-996F-A825C9F670E9}.Release|Any CPU.ActiveCfg = Release|Any CPU
		{1AC69183-5C50-463A-996F-A825C9F670E9}.Release|Any CPU.Build.0 = Release|Any CPU
		{BA28FD7F-3455-4E04-AE40-032C851B550E}.Debug|Any CPU.ActiveCfg = Debug|Any CPU
		{BA28FD7F-3455-4E04-AE40-032C851B550E}.Debug|Any CPU.Build.0 = Debug|Any CPU
		{BA28FD7F-3455-4E04-AE40-032C851B550E}.Release|Any CPU.ActiveCfg = Release|Any CPU
		{BA28FD7F-3455-4E04-AE40-032C851B550E}.Release|Any CPU.Build.0 = Release|Any CPU
		{630DCF95-2632-4D8F-A869-7AB95DBC922C}.Debug|Any CPU.ActiveCfg = Debug|Any CPU
		{630DCF95-2632-4D8F-A869-7AB95DBC922C}.Debug|Any CPU.Build.0 = Debug|Any CPU
		{630DCF95-2632-4D8F-A869-7AB95DBC922C}.Release|Any CPU.ActiveCfg = Release|Any CPU
		{630DCF95-2632-4D8F-A869-7AB95DBC922C}.Release|Any CPU.Build.0 = Release|Any CPU
		{2B3C2E64-7A06-4FB9-9DB4-AE357C8A4754}.Debug|Any CPU.ActiveCfg = Debug|Any CPU
		{2B3C2E64-7A06-4FB9-9DB4-AE357C8A4754}.Debug|Any CPU.Build.0 = Debug|Any CPU
		{2B3C2E64-7A06-4FB9-9DB4-AE357C8A4754}.Release|Any CPU.ActiveCfg = Release|Any CPU
		{2B3C2E64-7A06-4FB9-9DB4-AE357C8A4754}.Release|Any CPU.Build.0 = Release|Any CPU
		{5B8BE1EB-F636-404A-BBA4-C48C327E2C40}.Debug|Any CPU.ActiveCfg = Debug|Any CPU
		{5B8BE1EB-F636-404A-BBA4-C48C327E2C40}.Debug|Any CPU.Build.0 = Debug|Any CPU
		{5B8BE1EB-F636-404A-BBA4-C48C327E2C40}.Release|Any CPU.ActiveCfg = Release|Any CPU
		{5B8BE1EB-F636-404A-BBA4-C48C327E2C40}.Release|Any CPU.Build.0 = Release|Any CPU
	EndGlobalSection
	GlobalSection(SolutionProperties) = preSolution
		HideSolutionNode = FALSE
	EndGlobalSection
	GlobalSection(ExtensibilityGlobals) = postSolution
		SolutionGuid = {71779B7B-6917-4650-9E81-65AC089E62D1}
	EndGlobalSection
EndGlobal
